
Microsoft Visual Studio Solution File, Format Version 12.00
# Visual Studio 2012
Project("{FAE04EC0-301F-11D3-BF4B-00C04F79EFBC}") = "BrewsAndBitesBlogs", "BrewsAndBitesBlogs\BrewsAndBitesBlogs.csproj", "{8F33E5FD-2AF7-4FFC-8611-AB022EFD85E1}"
EndProject
Project("{FAE04EC0-301F-11D3-BF4B-00C04F79EFBC}") = "BrewsAndBitesBlogs.UnitTests", "BrewsAndBitesBlogs.UnitTests\BrewsAndBitesBlogs.UnitTests.csproj", "{7D5B7FDB-0B34-410A-B0CC-DFF5BB172400}"
EndProject
Global
	GlobalSection(SolutionConfigurationPlatforms) = preSolution
		Debug|Any CPU = Debug|Any CPU
		Release|Any CPU = Release|Any CPU
	EndGlobalSection
	GlobalSection(ProjectConfigurationPlatforms) = postSolution
		{8F33E5FD-2AF7-4FFC-8611-AB022EFD85E1}.Debug|Any CPU.ActiveCfg = Debug|Any CPU
		{8F33E5FD-2AF7-4FFC-8611-AB022EFD85E1}.Debug|Any CPU.Build.0 = Debug|Any CPU
		{8F33E5FD-2AF7-4FFC-8611-AB022EFD85E1}.Release|Any CPU.ActiveCfg = Release|Any CPU
		{8F33E5FD-2AF7-4FFC-8611-AB022EFD85E1}.Release|Any CPU.Build.0 = Release|Any CPU
		{7D5B7FDB-0B34-410A-B0CC-DFF5BB172400}.Debug|Any CPU.ActiveCfg = Debug|Any CPU
		{7D5B7FDB-0B34-410A-B0CC-DFF5BB172400}.Debug|Any CPU.Build.0 = Debug|Any CPU
		{7D5B7FDB-0B34-410A-B0CC-DFF5BB172400}.Release|Any CPU.ActiveCfg = Release|Any CPU
		{7D5B7FDB-0B34-410A-B0CC-DFF5BB172400}.Release|Any CPU.Build.0 = Release|Any CPU
	EndGlobalSection
	GlobalSection(SolutionProperties) = preSolution
		HideSolutionNode = FALSE
	EndGlobalSection
EndGlobal
